{
  "pins" : [
    {
      "identity" : "swifty-creatives",
      "kind" : "remoteSourceControl",
      "location" : "https://github.com/yukiny0811/swifty-creatives",
      "state" : {
        "revision" : "105eeee21a7d5e09f343b945e2e3a9e02ba9d9a3",
        "version" : "1.6.3"
      }
    }
  ],
  "version" : 2
}
